
Microsoft Visual Studio Solution File, Format Version 12.00
# Visual Studio Version 17
VisualStudioVersion = 17.5.33424.131
MinimumVisualStudioVersion = 10.0.40219.1
Project("{9A19103F-16F7-4668-BE54-9A1E7A4F7556}") = "VerificationCenter", "VerificationCenter\VerificationCenter.csproj", "{71470D10-1E08-4F04-A9FC-1B5327032AA1}"
EndProject
Project("{FAE04EC0-301F-11D3-BF4B-00C04F79EFBC}") = "ConsoleApp1", "ConsoleApp1\ConsoleApp1.csproj", "{1E6C192A-1BA3-44BA-8298-7DA426ED0D57}"
EndProject
Global
	GlobalSection(SolutionConfigurationPlatforms) = preSolution
		Debug|Any CPU = Debug|Any CPU
		Release|Any CPU = Release|Any CPU
	EndGlobalSection
	GlobalSection(ProjectConfigurationPlatforms) = postSolution
		{71470D10-1E08-4F04-A9FC-1B5327032AA1}.Debug|Any CPU.ActiveCfg = Debug|Any CPU
		{71470D10-1E08-4F04-A9FC-1B5327032AA1}.Debug|Any CPU.Build.0 = Debug|Any CPU
		{71470D10-1E08-4F04-A9FC-1B5327032AA1}.Release|Any CPU.ActiveCfg = Release|Any CPU
		{71470D10-1E08-4F04-A9FC-1B5327032AA1}.Release|Any CPU.Build.0 = Release|Any CPU
		{1E6C192A-1BA3-44BA-8298-7DA426ED0D57}.Debug|Any CPU.ActiveCfg = Debug|Any CPU
		{1E6C192A-1BA3-44BA-8298-7DA426ED0D57}.Debug|Any CPU.Build.0 = Debug|Any CPU
		{1E6C192A-1BA3-44BA-8298-7DA426ED0D57}.Release|Any CPU.ActiveCfg = Release|Any CPU
		{1E6C192A-1BA3-44BA-8298-7DA426ED0D57}.Release|Any CPU.Build.0 = Release|Any CPU
	EndGlobalSection
	GlobalSection(SolutionProperties) = preSolution
		HideSolutionNode = FALSE
	EndGlobalSection
	GlobalSection(ExtensibilityGlobals) = postSolution
		SolutionGuid = {E63C8FAC-7A33-455A-B8F5-1C04659AF32D}
	EndGlobalSection
EndGlobal
